
Microsoft Visual Studio Solution File, Format Version 12.00
# Visual Studio Express 15 for Windows Desktop
VisualStudioVersion = 15.0.34112.143
MinimumVisualStudioVersion = 10.0.40219.1
Project("{FAE04EC0-301F-11D3-BF4B-00C04F79EFBC}") = "Snake Game", "Snake Game\Snake Game.csproj", "{DCB4D67C-960F-4240-9189-408BD509433E}"
EndProject
Global
	GlobalSection(SolutionConfigurationPlatforms) = preSolution
		Debug|Any CPU = Debug|Any CPU
		Release|Any CPU = Release|Any CPU
	EndGlobalSection
	GlobalSection(ProjectConfigurationPlatforms) = postSolution
		{DCB4D67C-960F-4240-9189-408BD509433E}.Debug|Any CPU.ActiveCfg = Debug|Any CPU
		{DCB4D67C-960F-4240-9189-408BD509433E}.Debug|Any CPU.Build.0 = Debug|Any CPU
		{DCB4D67C-960F-4240-9189-408BD509433E}.Release|Any CPU.ActiveCfg = Release|Any CPU
		{DCB4D67C-960F-4240-9189-408BD509433E}.Release|Any CPU.Build.0 = Release|Any CPU
	EndGlobalSection
	GlobalSection(SolutionProperties) = preSolution
		HideSolutionNode = FALSE
	EndGlobalSection
	GlobalSection(ExtensibilityGlobals) = postSolution
		SolutionGuid = {67EEF98D-8BD0-4B9F-B7BB-A28447EBA279}
	EndGlobalSection
EndGlobal
